
Microsoft Visual Studio Solution File, Format Version 12.00
# Visual Studio Version 17
VisualStudioVersion = 17.11.35222.181
MinimumVisualStudioVersion = 10.0.40219.1
Project("{9A19103F-16F7-4668-BE54-9A1E7A4F7556}") = "Aula_6", "Aula_6.csproj", "{38329A5F-FF19-4B7C-A182-75F076F34953}"
EndProject
Global
	GlobalSection(SolutionConfigurationPlatforms) = preSolution
		Debug|Any CPU = Debug|Any CPU
		Release|Any CPU = Release|Any CPU
	EndGlobalSection
	GlobalSection(ProjectConfigurationPlatforms) = postSolution
		{38329A5F-FF19-4B7C-A182-75F076F34953}.Debug|Any CPU.ActiveCfg = Debug|Any CPU
		{38329A5F-FF19-4B7C-A182-75F076F34953}.Debug|Any CPU.Build.0 = Debug|Any CPU
		{38329A5F-FF19-4B7C-A182-75F076F34953}.Release|Any CPU.ActiveCfg = Release|Any CPU
		{38329A5F-FF19-4B7C-A182-75F076F34953}.Release|Any CPU.Build.0 = Release|Any CPU
	EndGlobalSection
	GlobalSection(SolutionProperties) = preSolution
		HideSolutionNode = FALSE
	EndGlobalSection
	GlobalSection(ExtensibilityGlobals) = postSolution
		SolutionGuid = {823323BF-7575-4435-B29C-E3C5EB650493}
	EndGlobalSection
EndGlobal
